
Microsoft Visual Studio Solution File, Format Version 12.00
# Visual Studio Version 18
VisualStudioVersion = 18.1.11312.151
MinimumVisualStudioVersion = 10.0.40219.1
Project("{FAE04EC0-301F-11D3-BF4B-00C04F79EFBC}") = "SamplePlugin", "SamplePlugin\SamplePlugin.csproj", "{FE7A1BE9-8107-4C1E-A676-EAEAF4E16FE4}"
EndProject
Project("{FAE04EC0-301F-11D3-BF4B-00C04F79EFBC}") = "AutoScore", "AutoScore\AutoScore.csproj", "{6583CA10-50BE-4161-94E4-E5D636883F55}"
EndProject
Project("{FAE04EC0-301F-11D3-BF4B-00C04F79EFBC}") = "SyncTitle", "SyncTitle\SyncTitle.csproj", "{D2D8FC67-1D35-4605-8609-80B80BC6DD26}"
EndProject
Project("{FAE04EC0-301F-11D3-BF4B-00C04F79EFBC}") = "DuplicationDetection", "DuplicationDetection\DuplicationDetection.csproj", "{E9F5CAB6-21E8-D103-2AC7-E7D63F2E8A53}"
EndProject
Project("{D954291E-2A0B-460D-934E-DC6B0785DB48}") = "Shared", "Shared\Shared.shproj", "{60866CDD-43B9-483A-B52E-9266E825AF0F}"
EndProject
Global
	GlobalSection(SolutionConfigurationPlatforms) = preSolution
		Debug|Any CPU = Debug|Any CPU
		Release|Any CPU = Release|Any CPU
	EndGlobalSection
	GlobalSection(ProjectConfigurationPlatforms) = postSolution
		{FE7A1BE9-8107-4C1E-A676-EAEAF4E16FE4}.Debug|Any CPU.ActiveCfg = Debug|Any CPU
		{FE7A1BE9-8107-4C1E-A676-EAEAF4E16FE4}.Debug|Any CPU.Build.0 = Debug|Any CPU
		{FE7A1BE9-8107-4C1E-A676-EAEAF4E16FE4}.Release|Any CPU.ActiveCfg = Release|Any CPU
		{FE7A1BE9-8107-4C1E-A676-EAEAF4E16FE4}.Release|Any CPU.Build.0 = Release|Any CPU
		{6583CA10-50BE-4161-94E4-E5D636883F55}.Debug|Any CPU.ActiveCfg = Debug|Any CPU
		{6583CA10-50BE-4161-94E4-E5D636883F55}.Debug|Any CPU.Build.0 = Debug|Any CPU
		{6583CA10-50BE-4161-94E4-E5D636883F55}.Release|Any CPU.ActiveCfg = Release|Any CPU
		{6583CA10-50BE-4161-94E4-E5D636883F55}.Release|Any CPU.Build.0 = Release|Any CPU
		{D2D8FC67-1D35-4605-8609-80B80BC6DD26}.Debug|Any CPU.ActiveCfg = Debug|Any CPU
		{D2D8FC67-1D35-4605-8609-80B80BC6DD26}.Debug|Any CPU.Build.0 = Debug|Any CPU
		{D2D8FC67-1D35-4605-8609-80B80BC6DD26}.Release|Any CPU.ActiveCfg = Release|Any CPU
		{D2D8FC67-1D35-4605-8609-80B80BC6DD26}.Release|Any CPU.Build.0 = Release|Any CPU
		{E9F5CAB6-21E8-D103-2AC7-E7D63F2E8A53}.Debug|Any CPU.ActiveCfg = Debug|Any CPU
		{E9F5CAB6-21E8-D103-2AC7-E7D63F2E8A53}.Debug|Any CPU.Build.0 = Debug|Any CPU
		{E9F5CAB6-21E8-D103-2AC7-E7D63F2E8A53}.Release|Any CPU.ActiveCfg = Release|Any CPU
		{E9F5CAB6-21E8-D103-2AC7-E7D63F2E8A53}.Release|Any CPU.Build.0 = Release|Any CPU
	EndGlobalSection
	GlobalSection(SolutionProperties) = preSolution
		HideSolutionNode = FALSE
	EndGlobalSection
	GlobalSection(ExtensibilityGlobals) = postSolution
		SolutionGuid = {133D3229-F2DA-4A36-AA12-7FB3477680BF}
	EndGlobalSection
	GlobalSection(SharedMSBuildProjectFiles) = preSolution
		Shared\Shared.projitems*{60866cdd-43b9-483a-b52e-9266e825af0f}*SharedItemsImports = 13
		Shared\Shared.projitems*{6583ca10-50be-4161-94e4-e5d636883f55}*SharedItemsImports = 5
		Shared\Shared.projitems*{d2d8fc67-1d35-4605-8609-80b80bc6dd26}*SharedItemsImports = 5
		Shared\Shared.projitems*{e9f5cab6-21e8-d103-2ac7-e7d63f2e8a53}*SharedItemsImports = 5
		Shared\Shared.projitems*{fe7a1be9-8107-4c1e-a676-eaeaf4e16fe4}*SharedItemsImports = 5
	EndGlobalSection
EndGlobal
