
Microsoft Visual Studio Solution File, Format Version 12.00
# Visual Studio Version 18
VisualStudioVersion = 18.1.11312.151 d18.0
MinimumVisualStudioVersion = 10.0.40219.1
Project("{FAE04EC0-301F-11D3-BF4B-00C04F79EFBC}") = "SamplePlugin", "SamplePlugin\SamplePlugin.csproj", "{FE7A1BE9-8107-4C1E-A676-EAEAF4E16FE4}"
EndProject
Project("{FAE04EC0-301F-11D3-BF4B-00C04F79EFBC}") = "AutoScore", "AutoScore\AutoScore.csproj", "{6583CA10-50BE-4161-94E4-E5D636883F55}"
EndProject
Project("{FAE04EC0-301F-11D3-BF4B-00C04F79EFBC}") = "SyncTitle", "SyncTitle\SyncTitle.csproj", "{D2D8FC67-1D35-4605-8609-80B80BC6DD26}"
EndProject
Global
	GlobalSection(SolutionConfigurationPlatforms) = preSolution
		Debug|Any CPU = Debug|Any CPU
		Release|Any CPU = Release|Any CPU
	EndGlobalSection
	GlobalSection(ProjectConfigurationPlatforms) = postSolution
		{FE7A1BE9-8107-4C1E-A676-EAEAF4E16FE4}.Debug|Any CPU.ActiveCfg = Debug|Any CPU
		{FE7A1BE9-8107-4C1E-A676-EAEAF4E16FE4}.Debug|Any CPU.Build.0 = Debug|Any CPU
		{FE7A1BE9-8107-4C1E-A676-EAEAF4E16FE4}.Release|Any CPU.ActiveCfg = Release|Any CPU
		{FE7A1BE9-8107-4C1E-A676-EAEAF4E16FE4}.Release|Any CPU.Build.0 = Release|Any CPU
		{6583CA10-50BE-4161-94E4-E5D636883F55}.Debug|Any CPU.ActiveCfg = Debug|Any CPU
		{6583CA10-50BE-4161-94E4-E5D636883F55}.Debug|Any CPU.Build.0 = Debug|Any CPU
		{6583CA10-50BE-4161-94E4-E5D636883F55}.Release|Any CPU.ActiveCfg = Release|Any CPU
		{6583CA10-50BE-4161-94E4-E5D636883F55}.Release|Any CPU.Build.0 = Release|Any CPU
		{D2D8FC67-1D35-4605-8609-80B80BC6DD26}.Debug|Any CPU.ActiveCfg = Debug|Any CPU
		{D2D8FC67-1D35-4605-8609-80B80BC6DD26}.Debug|Any CPU.Build.0 = Debug|Any CPU
		{D2D8FC67-1D35-4605-8609-80B80BC6DD26}.Release|Any CPU.ActiveCfg = Release|Any CPU
		{D2D8FC67-1D35-4605-8609-80B80BC6DD26}.Release|Any CPU.Build.0 = Release|Any CPU
	EndGlobalSection
	GlobalSection(SolutionProperties) = preSolution
		HideSolutionNode = FALSE
	EndGlobalSection
	GlobalSection(ExtensibilityGlobals) = postSolution
		SolutionGuid = {133D3229-F2DA-4A36-AA12-7FB3477680BF}
	EndGlobalSection
EndGlobal
